dependencies:
- name: ce-calendar-timespend-backend
  repository: https://acerta-connect-evolution.github.io/ce-helm-charts
  version: 1.402.0
- name: ce-calendar-timespend-frontend
  repository: https://acerta-connect-evolution.github.io/ce-helm-charts
  version: 0.491.0
- name: connect-backend
  repository: https://acerta-connect-evolution.github.io/ce-helm-charts
  version: 0.0.32
- name: connect-frontend
  repository: https://acerta-connect-evolution.github.io/ce-helm-charts
  version: 0.36.108
- name: pulsar-client
  repository: https://acerta-connect-evolution.github.io/ce-helm-charts
  version: 3.58.0
- name: init-job
  repository: https://acerta-connect-evolution.github.io/ce-helm-charts
  version: 1.0.21
- name: init-job
  repository: https://acerta-connect-evolution.github.io/ce-helm-charts
  version: 1.0.21
- name: ce-test-support
  repository: https://acerta-connect-evolution.github.io/ce-helm-charts
  version: 1.26.0
- name: ce-ff4j-server
  repository: https://acerta-connect-evolution.github.io/ce-helm-charts
  version: 1.40.0
- name: ce-payroll-vacationcertificate
  repository: https://acerta-connect-evolution.github.io/ce-helm-charts
  version: 0.119.0
- name: ce-webcomponents
  repository: https://acerta-connect-evolution.github.io/ce-helm-charts
  version: 0.74.0
- name: ce-calendar-repertorium
  repository: https://acerta-connect-evolution.github.io/ce-helm-charts
  version: 1.21.0
- name: ce-balances
  repository: https://acerta-connect-evolution.github.io/ce-helm-charts
  version: 0.41.0
- name: ce-clink
  repository: https://acerta-connect-evolution.github.io/ce-helm-charts
  version: 0.71.0
- name: ce-init-load
  repository: https://acerta-connect-evolution.github.io/ce-helm-charts
  version: 0.58.0
- name: frontend-services-gateway
  repository: https://acerta-connect-evolution.github.io/ce-helm-charts
  version: 1.111.0
- name: ce-calendar-balance-backend
  repository: https://acerta-connect-evolution.github.io/ce-helm-charts
  version: 0.58.0
- name: ce-calendar-balance-frontend
  repository: https://acerta-connect-evolution.github.io/ce-helm-charts
  version: 0.98.0
- name: ce-connect-schedule-rollout
  repository: https://acerta-connect-evolution.github.io/ce-helm-charts
  version: 0.7.0
- name: ce-authorization-service
  repository: https://acerta-connect-evolution.github.io/ce-helm-charts
  version: 0.33.0
- name: ce-connect
  repository: https://acerta-connect-evolution.github.io/ce-helm-charts
  version: 0.65.0
- name: ce-user-preference
  repository: https://acerta-connect-evolution.github.io/ce-helm-charts
  version: 1.7.0
- name: ce-scdf-client
  repository: https://acerta-connect-evolution.github.io/ce-helm-charts
  version: 0.29.0
- name: ce-chro-inbound-integration
  repository: https://acerta-connect-evolution.github.io/ce-helm-charts
  version: 1.6.0
- name: prometheus-rsocket-proxy
  repository: https://acerta-connect-evolution.github.io/ce-helm-charts
  version: 0.9.0
- name: common
  repository: oci://registry-1.docker.io/bitnamicharts
  version: 2.14.1
digest: sha256:85b47ad43fc88399228f02cec21b1d48df8387353ec902286b291e76922b8e61
generated: "2024-02-09T15:15:26.3901282+01:00"
